
Microsoft Visual Studio Solution File, Format Version 12.00
# Visual Studio Version 17
VisualStudioVersion = 17.0.31903.59
MinimumVisualStudioVersion = 10.0.40219.1
Project("{9A19103F-16F7-4668-BE54-9A1E7A4F7556}") = "SocialNetwork", "SocialNetwork\SocialNetwork.csproj", "{974C9BE3-1D34-44A0-AC4E-CBF07E0CF108}"
EndProject
Project("{FAE04EC0-301F-11D3-BF4B-00C04F79EFBC}") = "SocialNetwork.Test", "SocialNetwork.Test\SocialNetwork.Test.csproj", "{A213C66E-398D-4946-A927-63E2F32D871D}"
EndProject
Global
	GlobalSection(SolutionConfigurationPlatforms) = preSolution
		Debug|Any CPU = Debug|Any CPU
		Release|Any CPU = Release|Any CPU
	EndGlobalSection
	GlobalSection(ProjectConfigurationPlatforms) = postSolution
		{974C9BE3-1D34-44A0-AC4E-CBF07E0CF108}.Debug|Any CPU.ActiveCfg = Debug|Any CPU
		{974C9BE3-1D34-44A0-AC4E-CBF07E0CF108}.Debug|Any CPU.Build.0 = Debug|Any CPU
		{974C9BE3-1D34-44A0-AC4E-CBF07E0CF108}.Release|Any CPU.ActiveCfg = Release|Any CPU
		{974C9BE3-1D34-44A0-AC4E-CBF07E0CF108}.Release|Any CPU.Build.0 = Release|Any CPU
		{A213C66E-398D-4946-A927-63E2F32D871D}.Debug|Any CPU.ActiveCfg = Debug|Any CPU
		{A213C66E-398D-4946-A927-63E2F32D871D}.Debug|Any CPU.Build.0 = Debug|Any CPU
		{A213C66E-398D-4946-A927-63E2F32D871D}.Release|Any CPU.ActiveCfg = Release|Any CPU
		{A213C66E-398D-4946-A927-63E2F32D871D}.Release|Any CPU.Build.0 = Release|Any CPU
	EndGlobalSection
	GlobalSection(SolutionProperties) = preSolution
		HideSolutionNode = FALSE
	EndGlobalSection
	GlobalSection(ExtensibilityGlobals) = postSolution
		SolutionGuid = {AD009E14-6A00-4A78-A215-B9EFCF7BD357}
	EndGlobalSection
EndGlobal
